
Microsoft Visual Studio Solution File, Format Version 12.00
# Visual Studio 2012
Project("{8BC9CEB8-8B4A-11D0-8D11-00A0C91BC942}") = "PCIE_DDR3", "PCIE_DDR3\PCIE_DDR3.vcxproj", "{AC480FBB-D538-461B-A3C9-593BDF7F4263}"
EndProject
Global
	GlobalSection(SolutionConfigurationPlatforms) = preSolution
		Debug|Win32 = Debug|Win32
		Debug|x64 = Debug|x64
		Release|Win32 = Release|Win32
		Release|x64 = Release|x64
	EndGlobalSection
	GlobalSection(ProjectConfigurationPlatforms) = postSolution
		{AC480FBB-D538-461B-A3C9-593BDF7F4263}.Debug|Win32.ActiveCfg = Debug|Win32
		{AC480FBB-D538-461B-A3C9-593BDF7F4263}.Debug|Win32.Build.0 = Debug|Win32
		{AC480FBB-D538-461B-A3C9-593BDF7F4263}.Debug|x64.ActiveCfg = Debug|x64
		{AC480FBB-D538-461B-A3C9-593BDF7F4263}.Debug|x64.Build.0 = Debug|x64
		{AC480FBB-D538-461B-A3C9-593BDF7F4263}.Release|Win32.ActiveCfg = Release|Win32
		{AC480FBB-D538-461B-A3C9-593BDF7F4263}.Release|Win32.Build.0 = Release|Win32
		{AC480FBB-D538-461B-A3C9-593BDF7F4263}.Release|x64.ActiveCfg = Release|x64
		{AC480FBB-D538-461B-A3C9-593BDF7F4263}.Release|x64.Build.0 = Release|x64
	EndGlobalSection
	GlobalSection(SolutionProperties) = preSolution
		HideSolutionNode = FALSE
	EndGlobalSection
EndGlobal
